
Microsoft Visual Studio Solution File, Format Version 12.00
# Visual Studio 15
VisualStudioVersion = 15.0.28010.2048
MinimumVisualStudioVersion = 10.0.40219.1
Project("{FAE04EC0-301F-11D3-BF4B-00C04F79EFBC}") = "Task1", "Task1\Task1.csproj", "{11255E67-B141-4076-B360-07F25BF1B6A7}"
EndProject
Project("{FAE04EC0-301F-11D3-BF4B-00C04F79EFBC}") = "Task2", "Task2\Task2.csproj", "{36A0D470-45B6-4EEE-8E9F-1C7C40D5522E}"
EndProject
Project("{FAE04EC0-301F-11D3-BF4B-00C04F79EFBC}") = "Task3", "Task3\Task3.csproj", "{E52B1A7F-FB96-4151-8516-06D5A5D4CFAA}"
EndProject
Project("{FAE04EC0-301F-11D3-BF4B-00C04F79EFBC}") = "Task4", "Task4\Task4.csproj", "{DDA5A828-0E5B-47F0-89DC-9D906C5466FD}"
EndProject
Project("{FAE04EC0-301F-11D3-BF4B-00C04F79EFBC}") = "Task5", "Task5\Task5.csproj", "{506354C5-456C-460F-B4A1-C59F9C1116C6}"
EndProject
Project("{FAE04EC0-301F-11D3-BF4B-00C04F79EFBC}") = "Task6", "Task6\Task6.csproj", "{60FDEF97-638D-4EB8-84BA-2F3EC4DAC9D5}"
EndProject
Project("{FAE04EC0-301F-11D3-BF4B-00C04F79EFBC}") = "Task7", "Task7\Task7.csproj", "{DE4E8542-CC16-4125-8569-9FC6342FF0CA}"
EndProject
Project("{FAE04EC0-301F-11D3-BF4B-00C04F79EFBC}") = "Task8", "Task8\Task8.csproj", "{5DA41DAF-3120-47F1-BCD7-A628057E1E1D}"
EndProject
Project("{FAE04EC0-301F-11D3-BF4B-00C04F79EFBC}") = "Task9", "Task9\Task9.csproj", "{0DAD2508-07BB-44D3-AFDE-AB697D22CF8F}"
EndProject
Global
	GlobalSection(SolutionConfigurationPlatforms) = preSolution
		Debug|Any CPU = Debug|Any CPU
		Release|Any CPU = Release|Any CPU
	EndGlobalSection
	GlobalSection(ProjectConfigurationPlatforms) = postSolution
		{11255E67-B141-4076-B360-07F25BF1B6A7}.Debug|Any CPU.ActiveCfg = Debug|Any CPU
		{11255E67-B141-4076-B360-07F25BF1B6A7}.Debug|Any CPU.Build.0 = Debug|Any CPU
		{11255E67-B141-4076-B360-07F25BF1B6A7}.Release|Any CPU.ActiveCfg = Release|Any CPU
		{11255E67-B141-4076-B360-07F25BF1B6A7}.Release|Any CPU.Build.0 = Release|Any CPU
		{36A0D470-45B6-4EEE-8E9F-1C7C40D5522E}.Debug|Any CPU.ActiveCfg = Debug|Any CPU
		{36A0D470-45B6-4EEE-8E9F-1C7C40D5522E}.Debug|Any CPU.Build.0 = Debug|Any CPU
		{36A0D470-45B6-4EEE-8E9F-1C7C40D5522E}.Release|Any CPU.ActiveCfg = Release|Any CPU
		{36A0D470-45B6-4EEE-8E9F-1C7C40D5522E}.Release|Any CPU.Build.0 = Release|Any CPU
		{E52B1A7F-FB96-4151-8516-06D5A5D4CFAA}.Debug|Any CPU.ActiveCfg = Debug|Any CPU
		{E52B1A7F-FB96-4151-8516-06D5A5D4CFAA}.Debug|Any CPU.Build.0 = Debug|Any CPU
		{E52B1A7F-FB96-4151-8516-06D5A5D4CFAA}.Release|Any CPU.ActiveCfg = Release|Any CPU
		{E52B1A7F-FB96-4151-8516-06D5A5D4CFAA}.Release|Any CPU.Build.0 = Release|Any CPU
		{DDA5A828-0E5B-47F0-89DC-9D906C5466FD}.Debug|Any CPU.ActiveCfg = Debug|Any CPU
		{DDA5A828-0E5B-47F0-89DC-9D906C5466FD}.Debug|Any CPU.Build.0 = Debug|Any CPU
		{DDA5A828-0E5B-47F0-89DC-9D906C5466FD}.Release|Any CPU.ActiveCfg = Release|Any CPU
		{DDA5A828-0E5B-47F0-89DC-9D906C5466FD}.Release|Any CPU.Build.0 = Release|Any CPU
		{506354C5-456C-460F-B4A1-C59F9C1116C6}.Debug|Any CPU.ActiveCfg = Debug|Any CPU
		{506354C5-456C-460F-B4A1-C59F9C1116C6}.Debug|Any CPU.Build.0 = Debug|Any CPU
		{506354C5-456C-460F-B4A1-C59F9C1116C6}.Release|Any CPU.ActiveCfg = Release|Any CPU
		{506354C5-456C-460F-B4A1-C59F9C1116C6}.Release|Any CPU.Build.0 = Release|Any CPU
		{60FDEF97-638D-4EB8-84BA-2F3EC4DAC9D5}.Debug|Any CPU.ActiveCfg = Debug|Any CPU
		{60FDEF97-638D-4EB8-84BA-2F3EC4DAC9D5}.Debug|Any CPU.Build.0 = Debug|Any CPU
		{60FDEF97-638D-4EB8-84BA-2F3EC4DAC9D5}.Release|Any CPU.ActiveCfg = Release|Any CPU
		{60FDEF97-638D-4EB8-84BA-2F3EC4DAC9D5}.Release|Any CPU.Build.0 = Release|Any CPU
		{DE4E8542-CC16-4125-8569-9FC6342FF0CA}.Debug|Any CPU.ActiveCfg = Debug|Any CPU
		{DE4E8542-CC16-4125-8569-9FC6342FF0CA}.Debug|Any CPU.Build.0 = Debug|Any CPU
		{DE4E8542-CC16-4125-8569-9FC6342FF0CA}.Release|Any CPU.ActiveCfg = Release|Any CPU
		{DE4E8542-CC16-4125-8569-9FC6342FF0CA}.Release|Any CPU.Build.0 = Release|Any CPU
		{5DA41DAF-3120-47F1-BCD7-A628057E1E1D}.Debug|Any CPU.ActiveCfg = Debug|Any CPU
		{5DA41DAF-3120-47F1-BCD7-A628057E1E1D}.Debug|Any CPU.Build.0 = Debug|Any CPU
		{5DA41DAF-3120-47F1-BCD7-A628057E1E1D}.Release|Any CPU.ActiveCfg = Release|Any CPU
		{5DA41DAF-3120-47F1-BCD7-A628057E1E1D}.Release|Any CPU.Build.0 = Release|Any CPU
		{0DAD2508-07BB-44D3-AFDE-AB697D22CF8F}.Debug|Any CPU.ActiveCfg = Debug|Any CPU
		{0DAD2508-07BB-44D3-AFDE-AB697D22CF8F}.Debug|Any CPU.Build.0 = Debug|Any CPU
		{0DAD2508-07BB-44D3-AFDE-AB697D22CF8F}.Release|Any CPU.ActiveCfg = Release|Any CPU
		{0DAD2508-07BB-44D3-AFDE-AB697D22CF8F}.Release|Any CPU.Build.0 = Release|Any CPU
	EndGlobalSection
	GlobalSection(SolutionProperties) = preSolution
		HideSolutionNode = FALSE
	EndGlobalSection
	GlobalSection(ExtensibilityGlobals) = postSolution
		SolutionGuid = {4FAFA53E-E0D5-4486-A3C8-8C49CC881933}
	EndGlobalSection
EndGlobal
